
Microsoft Visual Studio Solution File, Format Version 12.00
# Visual Studio Version 16
VisualStudioVersion = 16.0.30011.22
MinimumVisualStudioVersion = 10.0.40219.1
Project("{FAE04EC0-301F-11D3-BF4B-00C04F79EFBC}") = "Dollop.Api", "Dollop.Api\Dollop.Api.csproj", "{A1EC3EE1-122F-43C8-A95F-3CE098186E12}"
EndProject
Project("{FAE04EC0-301F-11D3-BF4B-00C04F79EFBC}") = "Dollop.Models", "Dollop.Models\Dollop.Models.csproj", "{2872D295-D32E-432B-98DB-CCCB1051A22B}"
EndProject
Global
	GlobalSection(SolutionConfigurationPlatforms) = preSolution
		Debug|Any CPU = Debug|Any CPU
		Release|Any CPU = Release|Any CPU
	EndGlobalSection
	GlobalSection(ProjectConfigurationPlatforms) = postSolution
		{A1EC3EE1-122F-43C8-A95F-3CE098186E12}.Debug|Any CPU.ActiveCfg = Debug|Any CPU
		{A1EC3EE1-122F-43C8-A95F-3CE098186E12}.Debug|Any CPU.Build.0 = Debug|Any CPU
		{A1EC3EE1-122F-43C8-A95F-3CE098186E12}.Release|Any CPU.ActiveCfg = Release|Any CPU
		{A1EC3EE1-122F-43C8-A95F-3CE098186E12}.Release|Any CPU.Build.0 = Release|Any CPU
		{2872D295-D32E-432B-98DB-CCCB1051A22B}.Debug|Any CPU.ActiveCfg = Debug|Any CPU
		{2872D295-D32E-432B-98DB-CCCB1051A22B}.Debug|Any CPU.Build.0 = Debug|Any CPU
		{2872D295-D32E-432B-98DB-CCCB1051A22B}.Release|Any CPU.ActiveCfg = Release|Any CPU
		{2872D295-D32E-432B-98DB-CCCB1051A22B}.Release|Any CPU.Build.0 = Release|Any CPU
	EndGlobalSection
	GlobalSection(SolutionProperties) = preSolution
		HideSolutionNode = FALSE
	EndGlobalSection
	GlobalSection(ExtensibilityGlobals) = postSolution
		SolutionGuid = {77D3E69D-2301-4370-9D83-929AAD5CFA0B}
	EndGlobalSection
EndGlobal
